
Microsoft Visual Studio Solution File, Format Version 12.00
# Visual Studio Version 17
VisualStudioVersion = 17.1.32210.238
MinimumVisualStudioVersion = 10.0.40219.1
Project("{9A19103F-16F7-4668-BE54-9A1E7A4F7556}") = "Api", "Api\Api.csproj", "{618A7727-21B1-48F3-A590-2D7D8A814F3D}"
EndProject
Project("{2150E333-8FDC-42A3-9474-1A3956D46DE8}") = "src", "src", "{42F81A98-C1A5-4F05-9C4D-736EFBCF1B35}"
EndProject
Project("{9A19103F-16F7-4668-BE54-9A1E7A4F7556}") = "Domain", "Domain\Domain.csproj", "{4319DFB0-0BC8-40F4-857A-B8A1D7ECDECB}"
EndProject
Project("{9A19103F-16F7-4668-BE54-9A1E7A4F7556}") = "Application", "Application\Application.csproj", "{BA654BC0-F525-4C65-860F-45A76C9D0692}"
EndProject
Project("{9A19103F-16F7-4668-BE54-9A1E7A4F7556}") = "Infrastructure", "Infrastructure\Infrastructure.csproj", "{9D01F48C-C6E6-4FF2-87BB-4862F07E745D}"
EndProject
Project("{2150E333-8FDC-42A3-9474-1A3956D46DE8}") = "tests", "tests", "{CE14048A-F942-4E87-BEFC-CEE93BBD05B8}"
EndProject
Project("{9A19103F-16F7-4668-BE54-9A1E7A4F7556}") = "Api.Tests", "Api.Tests\Api.Tests.csproj", "{7ADF4961-5D0F-45F4-8257-7091A94CCAB8}"
EndProject
Project("{2150E333-8FDC-42A3-9474-1A3956D46DE8}") = "thirdparty", "thirdparty", "{276DAFA1-3CD8-4A0C-A86A-3E1AB349A6FB}"
EndProject
Project("{9A19103F-16F7-4668-BE54-9A1E7A4F7556}") = "WemaClient", "WemaClient\WemaClient.csproj", "{88CC26AE-36F3-4081-A1D0-A4B3918E5946}"
EndProject
Project("{FAE04EC0-301F-11D3-BF4B-00C04F79EFBC}") = "Infrastructure.Tests", "Infrastructure.Tests\Infrastructure.Tests.csproj", "{F70EB16C-68DE-4A5A-B3E5-70B6BA43D359}"
EndProject
Global
	GlobalSection(SolutionConfigurationPlatforms) = preSolution
		Debug|Any CPU = Debug|Any CPU
		Release|Any CPU = Release|Any CPU
	EndGlobalSection
	GlobalSection(ProjectConfigurationPlatforms) = postSolution
		{618A7727-21B1-48F3-A590-2D7D8A814F3D}.Debug|Any CPU.ActiveCfg = Debug|Any CPU
		{618A7727-21B1-48F3-A590-2D7D8A814F3D}.Debug|Any CPU.Build.0 = Debug|Any CPU
		{618A7727-21B1-48F3-A590-2D7D8A814F3D}.Release|Any CPU.ActiveCfg = Release|Any CPU
		{618A7727-21B1-48F3-A590-2D7D8A814F3D}.Release|Any CPU.Build.0 = Release|Any CPU
		{4319DFB0-0BC8-40F4-857A-B8A1D7ECDECB}.Debug|Any CPU.ActiveCfg = Debug|Any CPU
		{4319DFB0-0BC8-40F4-857A-B8A1D7ECDECB}.Debug|Any CPU.Build.0 = Debug|Any CPU
		{4319DFB0-0BC8-40F4-857A-B8A1D7ECDECB}.Release|Any CPU.ActiveCfg = Release|Any CPU
		{4319DFB0-0BC8-40F4-857A-B8A1D7ECDECB}.Release|Any CPU.Build.0 = Release|Any CPU
		{BA654BC0-F525-4C65-860F-45A76C9D0692}.Debug|Any CPU.ActiveCfg = Debug|Any CPU
		{BA654BC0-F525-4C65-860F-45A76C9D0692}.Debug|Any CPU.Build.0 = Debug|Any CPU
		{BA654BC0-F525-4C65-860F-45A76C9D0692}.Release|Any CPU.ActiveCfg = Release|Any CPU
		{BA654BC0-F525-4C65-860F-45A76C9D0692}.Release|Any CPU.Build.0 = Release|Any CPU
		{9D01F48C-C6E6-4FF2-87BB-4862F07E745D}.Debug|Any CPU.ActiveCfg = Debug|Any CPU
		{9D01F48C-C6E6-4FF2-87BB-4862F07E745D}.Debug|Any CPU.Build.0 = Debug|Any CPU
		{9D01F48C-C6E6-4FF2-87BB-4862F07E745D}.Release|Any CPU.ActiveCfg = Release|Any CPU
		{9D01F48C-C6E6-4FF2-87BB-4862F07E745D}.Release|Any CPU.Build.0 = Release|Any CPU
		{7ADF4961-5D0F-45F4-8257-7091A94CCAB8}.Debug|Any CPU.ActiveCfg = Debug|Any CPU
		{7ADF4961-5D0F-45F4-8257-7091A94CCAB8}.Debug|Any CPU.Build.0 = Debug|Any CPU
		{7ADF4961-5D0F-45F4-8257-7091A94CCAB8}.Release|Any CPU.ActiveCfg = Release|Any CPU
		{7ADF4961-5D0F-45F4-8257-7091A94CCAB8}.Release|Any CPU.Build.0 = Release|Any CPU
		{88CC26AE-36F3-4081-A1D0-A4B3918E5946}.Debug|Any CPU.ActiveCfg = Debug|Any CPU
		{88CC26AE-36F3-4081-A1D0-A4B3918E5946}.Debug|Any CPU.Build.0 = Debug|Any CPU
		{88CC26AE-36F3-4081-A1D0-A4B3918E5946}.Release|Any CPU.ActiveCfg = Release|Any CPU
		{88CC26AE-36F3-4081-A1D0-A4B3918E5946}.Release|Any CPU.Build.0 = Release|Any CPU
		{F70EB16C-68DE-4A5A-B3E5-70B6BA43D359}.Debug|Any CPU.ActiveCfg = Debug|Any CPU
		{F70EB16C-68DE-4A5A-B3E5-70B6BA43D359}.Debug|Any CPU.Build.0 = Debug|Any CPU
		{F70EB16C-68DE-4A5A-B3E5-70B6BA43D359}.Release|Any CPU.ActiveCfg = Release|Any CPU
		{F70EB16C-68DE-4A5A-B3E5-70B6BA43D359}.Release|Any CPU.Build.0 = Release|Any CPU
	EndGlobalSection
	GlobalSection(SolutionProperties) = preSolution
		HideSolutionNode = FALSE
	EndGlobalSection
	GlobalSection(NestedProjects) = preSolution
		{618A7727-21B1-48F3-A590-2D7D8A814F3D} = {42F81A98-C1A5-4F05-9C4D-736EFBCF1B35}
		{4319DFB0-0BC8-40F4-857A-B8A1D7ECDECB} = {42F81A98-C1A5-4F05-9C4D-736EFBCF1B35}
		{BA654BC0-F525-4C65-860F-45A76C9D0692} = {42F81A98-C1A5-4F05-9C4D-736EFBCF1B35}
		{9D01F48C-C6E6-4FF2-87BB-4862F07E745D} = {42F81A98-C1A5-4F05-9C4D-736EFBCF1B35}
		{7ADF4961-5D0F-45F4-8257-7091A94CCAB8} = {CE14048A-F942-4E87-BEFC-CEE93BBD05B8}
		{88CC26AE-36F3-4081-A1D0-A4B3918E5946} = {276DAFA1-3CD8-4A0C-A86A-3E1AB349A6FB}
		{F70EB16C-68DE-4A5A-B3E5-70B6BA43D359} = {CE14048A-F942-4E87-BEFC-CEE93BBD05B8}
	EndGlobalSection
	GlobalSection(ExtensibilityGlobals) = postSolution
		SolutionGuid = {6DDC3452-293E-401C-AD5D-0006D2083155}
	EndGlobalSection
EndGlobal
